// !$*UTF8*$!
{
	archiveVersion = 1;
	classes = {
	};
	objectVersion = 55;
	objects = {

/* Begin PBXBuildFile section */
		6375C05D27BEC2D8008D0DC8 /* CopperChallengeApp.swift in Sources */ = {isa = PBXBuildFile; fileRef = 6375C05C27BEC2D8008D0DC8 /* CopperChallengeApp.swift */; };
		6375C05F27BEC2D8008D0DC8 /* ContentView.swift in Sources */ = {isa = PBXBuildFile; fileRef = 6375C05E27BEC2D8008D0DC8 /* ContentView.swift */; };
		6375C06127BEC2DC008D0DC8 /* Assets.xcassets in Resources */ = {isa = PBXBuildFile; fileRef = 6375C06027BEC2DC008D0DC8 /* Assets.xcassets */; };
		6375C06427BEC2DC008D0DC8 /* Preview Assets.xcassets in Resources */ = {isa = PBXBuildFile; fileRef = 6375C06327BEC2DC008D0DC8 /* Preview Assets.xcassets */; };
		6375C06627BEC2DC008D0DC8 /* Persistence.swift in Sources */ = {isa = PBXBuildFile; fileRef = 6375C06527BEC2DC008D0DC8 /* Persistence.swift */; };
		6375C06927BEC2DC008D0DC8 /* CopperChallenge.xcdatamodeld in Sources */ = {isa = PBXBuildFile; fileRef = 6375C06727BEC2DC008D0DC8 /* CopperChallenge.xcdatamodeld */; };
		6375C07D27BEC2DC008D0DC8 /* CopperChallengeUITests.swift in Sources */ = {isa = PBXBuildFile; fileRef = 6375C07C27BEC2DC008D0DC8 /* CopperChallengeUITests.swift */; };
		6375C07F27BEC2DC008D0DC8 /* CopperChallengeUITestsLaunchTests.swift in Sources */ = {isa = PBXBuildFile; fileRef = 6375C07E27BEC2DC008D0DC8 /* CopperChallengeUITestsLaunchTests.swift */; };
		98F02FFC27C13BD700AA1651 /* OrdersDataProvider.swift in Sources */ = {isa = PBXBuildFile; fileRef = 98F02FFB27C13BD700AA1651 /* OrdersDataProvider.swift */; };
		98F02FFE27C13C1200AA1651 /* CopperEndpoint.swift in Sources */ = {isa = PBXBuildFile; fileRef = 98F02FFD27C13C1200AA1651 /* CopperEndpoint.swift */; };
		98F0300027C13C9600AA1651 /* OrdersError.swift in Sources */ = {isa = PBXBuildFile; fileRef = 98F02FFF27C13C9600AA1651 /* OrdersError.swift */; };
		98F0300427C13E3900AA1651 /* Network.swift in Sources */ = {isa = PBXBuildFile; fileRef = 98F0300327C13E3900AA1651 /* Network.swift */; };
		98F0300627C13E8200AA1651 /* NetworkingError.swift in Sources */ = {isa = PBXBuildFile; fileRef = 98F0300527C13E8200AA1651 /* NetworkingError.swift */; };
		98F0300827C13E9A00AA1651 /* NetworkTests.swift in Sources */ = {isa = PBXBuildFile; fileRef = 98F0300727C13E9A00AA1651 /* NetworkTests.swift */; };
		98F0300D27C13EF300AA1651 /* CombineXCTestCase.swift in Sources */ = {isa = PBXBuildFile; fileRef = 98F0300C27C13EF300AA1651 /* CombineXCTestCase.swift */; };
		98F0301127C13F1900AA1651 /* URLProtocolMock.swift in Sources */ = {isa = PBXBuildFile; fileRef = 98F0300E27C13F1900AA1651 /* URLProtocolMock.swift */; };
		98F0301227C13F1900AA1651 /* URLSessionMock.swift in Sources */ = {isa = PBXBuildFile; fileRef = 98F0300F27C13F1900AA1651 /* URLSessionMock.swift */; };
		98F0301327C13F1900AA1651 /* NetworkMock.swift in Sources */ = {isa = PBXBuildFile; fileRef = 98F0301027C13F1900AA1651 /* NetworkMock.swift */; };
		98F0301527C13FB500AA1651 /* NetworkingError+Equatable.swift in Sources */ = {isa = PBXBuildFile; fileRef = 98F0301427C13FB500AA1651 /* NetworkingError+Equatable.swift */; };
		98F0301727C1406F00AA1651 /* OrderResponseModel.swift in Sources */ = {isa = PBXBuildFile; fileRef = 98F0301627C1406F00AA1651 /* OrderResponseModel.swift */; };
		98F0301927C1419200AA1651 /* OrdersResponseModel.swift in Sources */ = {isa = PBXBuildFile; fileRef = 98F0301827C1419200AA1651 /* OrdersResponseModel.swift */; };
		98F0301B27C143D900AA1651 /* Orders.json in Resources */ = {isa = PBXBuildFile; fileRef = 98F0301A27C143D900AA1651 /* Orders.json */; };
		98F0301F27C1470D00AA1651 /* OrderResponseModelTests.swift in Sources */ = {isa = PBXBuildFile; fileRef = 98F0301E27C1470D00AA1651 /* OrderResponseModelTests.swift */; };
		98F0302127C1493500AA1651 /* JSONLoader.swift in Sources */ = {isa = PBXBuildFile; fileRef = 98F0302027C1493500AA1651 /* JSONLoader.swift */; };
		98F0302527C14DB500AA1651 /* OrdersDataProviderTests.swift in Sources */ = {isa = PBXBuildFile; fileRef = 98F0302427C14DB500AA1651 /* OrdersDataProviderTests.swift */; };
		98F0302727C14E5000AA1651 /* OrdersError+Equatable.swift in Sources */ = {isa = PBXBuildFile; fileRef = 98F0302627C14E5000AA1651 /* OrdersError+Equatable.swift */; };
		98F0302927C1518200AA1651 /* RootView.swift in Sources */ = {isa = PBXBuildFile; fileRef = 98F0302827C1518200AA1651 /* RootView.swift */; };
		98F0302B27C1519400AA1651 /* OrdersListView.swift in Sources */ = {isa = PBXBuildFile; fileRef = 98F0302A27C1519400AA1651 /* OrdersListView.swift */; };
		98F0302D27C1522700AA1651 /* DownloadTransactionsView.swift in Sources */ = {isa = PBXBuildFile; fileRef = 98F0302C27C1522700AA1651 /* DownloadTransactionsView.swift */; };
		98F0302F27C152A700AA1651 /* OrdersListViewModel.swift in Sources */ = {isa = PBXBuildFile; fileRef = 98F0302E27C152A700AA1651 /* OrdersListViewModel.swift */; };
		98F0303227C1632F00AA1651 /* ThemeManager.swift in Sources */ = {isa = PBXBuildFile; fileRef = 98F0303127C1632F00AA1651 /* ThemeManager.swift */; };
		98F0303427C1636E00AA1651 /* Color+Theming.swift in Sources */ = {isa = PBXBuildFile; fileRef = 98F0303327C1636E00AA1651 /* Color+Theming.swift */; };
		98F0303627C1638400AA1651 /* View+Theming.swift in Sources */ = {isa = PBXBuildFile; fileRef = 98F0303527C1638400AA1651 /* View+Theming.swift */; };
		98F0304927C169AD00AA1651 /* IBMPlexSans-Thin.ttf in Resources */ = {isa = PBXBuildFile; fileRef = 98F0303A27C169AD00AA1651 /* IBMPlexSans-Thin.ttf */; };
		98F0304A27C169AD00AA1651 /* OFL.txt in Resources */ = {isa = PBXBuildFile; fileRef = 98F0303B27C169AD00AA1651 /* OFL.txt */; };
		98F0304B27C169AD00AA1651 /* IBMPlexSans-ThinItalic.ttf in Resources */ = {isa = PBXBuildFile; fileRef = 98F0303C27C169AD00AA1651 /* IBMPlexSans-ThinItalic.ttf */; };
		98F0304C27C169AD00AA1651 /* IBMPlexSans-LightItalic.ttf in Resources */ = {isa = PBXBuildFile; fileRef = 98F0303D27C169AD00AA1651 /* IBMPlexSans-LightItalic.ttf */; };
		98F0304D27C169AD00AA1651 /* IBMPlexSans-ExtraLightItalic.ttf in Resources */ = {isa = PBXBuildFile; fileRef = 98F0303E27C169AD00AA1651 /* IBMPlexSans-ExtraLightItalic.ttf */; };
		98F0304E27C169AD00AA1651 /* IBMPlexSans-MediumItalic.ttf in Resources */ = {isa = PBXBuildFile; fileRef = 98F0303F27C169AD00AA1651 /* IBMPlexSans-MediumItalic.ttf */; };
		98F0304F27C169AD00AA1651 /* IBMPlexSans-Regular.ttf in Resources */ = {isa = PBXBuildFile; fileRef = 98F0304027C169AD00AA1651 /* IBMPlexSans-Regular.ttf */; };
		98F0305027C169AD00AA1651 /* IBMPlexSans-Medium.ttf in Resources */ = {isa = PBXBuildFile; fileRef = 98F0304127C169AD00AA1651 /* IBMPlexSans-Medium.ttf */; };
		98F0305127C169AE00AA1651 /* IBMPlexSans-Italic.ttf in Resources */ = {isa = PBXBuildFile; fileRef = 98F0304227C169AD00AA1651 /* IBMPlexSans-Italic.ttf */; };
		98F0305227C169AE00AA1651 /* IBMPlexSans-SemiBoldItalic.ttf in Resources */ = {isa = PBXBuildFile; fileRef = 98F0304327C169AD00AA1651 /* IBMPlexSans-SemiBoldItalic.ttf */; };
		98F0305327C169AE00AA1651 /* IBMPlexSans-SemiBold.ttf in Resources */ = {isa = PBXBuildFile; fileRef = 98F0304427C169AD00AA1651 /* IBMPlexSans-SemiBold.ttf */; };
		98F0305427C169AE00AA1651 /* IBMPlexSans-ExtraLight.ttf in Resources */ = {isa = PBXBuildFile; fileRef = 98F0304527C169AD00AA1651 /* IBMPlexSans-ExtraLight.ttf */; };
		98F0305527C169AE00AA1651 /* IBMPlexSans-BoldItalic.ttf in Resources */ = {isa = PBXBuildFile; fileRef = 98F0304627C169AD00AA1651 /* IBMPlexSans-BoldItalic.ttf */; };
		98F0305627C169AE00AA1651 /* IBMPlexSans-Bold.ttf in Resources */ = {isa = PBXBuildFile; fileRef = 98F0304727C169AD00AA1651 /* IBMPlexSans-Bold.ttf */; };
		98F0305727C169AE00AA1651 /* IBMPlexSans-Light.ttf in Resources */ = {isa = PBXBuildFile; fileRef = 98F0304827C169AD00AA1651 /* IBMPlexSans-Light.ttf */; };
		98F0305927C16B4500AA1651 /* Font+Theming.swift in Sources */ = {isa = PBXBuildFile; fileRef = 98F0305827C16B4500AA1651 /* Font+Theming.swift */; };
/* End PBXBuildFile section */

/* Begin PBXContainerItemProxy section */
		6375C06F27BEC2DC008D0DC8 /* PBXContainerItemProxy */ = {
			isa = PBXContainerItemProxy;
			containerPortal = 6375C05127BEC2D8008D0DC8 /* Project object */;
			proxyType = 1;
			remoteGlobalIDString = 6375C05827BEC2D8008D0DC8;
			remoteInfo = CopperChallenge;
		};
		6375C07927BEC2DC008D0DC8 /* PBXContainerItemProxy */ = {
			isa = PBXContainerItemProxy;
			containerPortal = 6375C05127BEC2D8008D0DC8 /* Project object */;
			proxyType = 1;
			remoteGlobalIDString = 6375C05827BEC2D8008D0DC8;
			remoteInfo = CopperChallenge;
		};
/* End PBXContainerItemProxy section */

/* Begin PBXFileReference section */
		6375C05927BEC2D8008D0DC8 /* CopperChallenge.app */ = {isa = PBXFileReference; explicitFileType = wrapper.application; includeInIndex = 0; path = CopperChallenge.app; sourceTree = BUILT_PRODUCTS_DIR; };
		6375C05C27BEC2D8008D0DC8 /* CopperChallengeApp.swift */ = {isa = PBXFileReference; lastKnownFileType = sourcecode.swift; path = CopperChallengeApp.swift; sourceTree = "<group>"; };
		6375C05E27BEC2D8008D0DC8 /* ContentView.swift */ = {isa = PBXFileReference; lastKnownFileType = sourcecode.swift; path = ContentView.swift; sourceTree = "<group>"; };
		6375C06027BEC2DC008D0DC8 /* Assets.xcassets */ = {isa = PBXFileReference; lastKnownFileType = folder.assetcatalog; path = Assets.xcassets; sourceTree = "<group>"; };
		6375C06327BEC2DC008D0DC8 /* Preview Assets.xcassets */ = {isa = PBXFileReference; lastKnownFileType = folder.assetcatalog; path = "Preview Assets.xcassets"; sourceTree = "<group>"; };
		6375C06527BEC2DC008D0DC8 /* Persistence.swift */ = {isa = PBXFileReference; lastKnownFileType = sourcecode.swift; path = Persistence.swift; sourceTree = "<group>"; };
		6375C06827BEC2DC008D0DC8 /* CopperChallenge.xcdatamodel */ = {isa = PBXFileReference; lastKnownFileType = wrapper.xcdatamodel; path = CopperChallenge.xcdatamodel; sourceTree = "<group>"; };
		6375C06E27BEC2DC008D0DC8 /* CopperChallengeTests.xctest */ = {isa = PBXFileReference; explicitFileType = wrapper.cfbundle; includeInIndex = 0; path = CopperChallengeTests.xctest; sourceTree = BUILT_PRODUCTS_DIR; };
		6375C07827BEC2DC008D0DC8 /* CopperChallengeUITests.xctest */ = {isa = PBXFileReference; explicitFileType = wrapper.cfbundle; includeInIndex = 0; path = CopperChallengeUITests.xctest; sourceTree = BUILT_PRODUCTS_DIR; };
		6375C07C27BEC2DC008D0DC8 /* CopperChallengeUITests.swift */ = {isa = PBXFileReference; lastKnownFileType = sourcecode.swift; path = CopperChallengeUITests.swift; sourceTree = "<group>"; };
		6375C07E27BEC2DC008D0DC8 /* CopperChallengeUITestsLaunchTests.swift */ = {isa = PBXFileReference; lastKnownFileType = sourcecode.swift; path = CopperChallengeUITestsLaunchTests.swift; sourceTree = "<group>"; };
		98F02FF527C13ABD00AA1651 /* README.md */ = {isa = PBXFileReference; lastKnownFileType = net.daringfireball.markdown; path = README.md; sourceTree = "<group>"; };
		98F02FFB27C13BD700AA1651 /* OrdersDataProvider.swift */ = {isa = PBXFileReference; lastKnownFileType = sourcecode.swift; path = OrdersDataProvider.swift; sourceTree = "<group>"; };
		98F02FFD27C13C1200AA1651 /* CopperEndpoint.swift */ = {isa = PBXFileReference; lastKnownFileType = sourcecode.swift; path = CopperEndpoint.swift; sourceTree = "<group>"; };
		98F02FFF27C13C9600AA1651 /* OrdersError.swift */ = {isa = PBXFileReference; lastKnownFileType = sourcecode.swift; path = OrdersError.swift; sourceTree = "<group>"; };
		98F0300327C13E3900AA1651 /* Network.swift */ = {isa = PBXFileReference; fileEncoding = 4; lastKnownFileType = sourcecode.swift; path = Network.swift; sourceTree = "<group>"; };
		98F0300527C13E8200AA1651 /* NetworkingError.swift */ = {isa = PBXFileReference; fileEncoding = 4; lastKnownFileType = sourcecode.swift; path = NetworkingError.swift; sourceTree = "<group>"; };
		98F0300727C13E9A00AA1651 /* NetworkTests.swift */ = {isa = PBXFileReference; lastKnownFileType = sourcecode.swift; path = NetworkTests.swift; sourceTree = "<group>"; };
		98F0300C27C13EF300AA1651 /* CombineXCTestCase.swift */ = {isa = PBXFileReference; fileEncoding = 4; lastKnownFileType = sourcecode.swift; path = CombineXCTestCase.swift; sourceTree = "<group>"; };
		98F0300E27C13F1900AA1651 /* URLProtocolMock.swift */ = {isa = PBXFileReference; fileEncoding = 4; lastKnownFileType = sourcecode.swift; name = URLProtocolMock.swift; path = CopperChallengeTests/Helpers/URLProtocolMock.swift; sourceTree = SOURCE_ROOT; };
		98F0300F27C13F1900AA1651 /* URLSessionMock.swift */ = {isa = PBXFileReference; fileEncoding = 4; lastKnownFileType = sourcecode.swift; name = URLSessionMock.swift; path = CopperChallengeTests/Helpers/URLSessionMock.swift; sourceTree = SOURCE_ROOT; };
		98F0301027C13F1900AA1651 /* NetworkMock.swift */ = {isa = PBXFileReference; fileEncoding = 4; lastKnownFileType = sourcecode.swift; name = NetworkMock.swift; path = CopperChallengeTests/Helpers/NetworkMock.swift; sourceTree = SOURCE_ROOT; };
		98F0301427C13FB500AA1651 /* NetworkingError+Equatable.swift */ = {isa = PBXFileReference; lastKnownFileType = sourcecode.swift; path = "NetworkingError+Equatable.swift"; sourceTree = "<group>"; };
		98F0301627C1406F00AA1651 /* OrderResponseModel.swift */ = {isa = PBXFileReference; lastKnownFileType = sourcecode.swift; path = OrderResponseModel.swift; sourceTree = "<group>"; };
		98F0301827C1419200AA1651 /* OrdersResponseModel.swift */ = {isa = PBXFileReference; lastKnownFileType = sourcecode.swift; path = OrdersResponseModel.swift; sourceTree = "<group>"; };
		98F0301A27C143D900AA1651 /* Orders.json */ = {isa = PBXFileReference; lastKnownFileType = text.json; path = Orders.json; sourceTree = "<group>"; };
		98F0301E27C1470D00AA1651 /* OrderResponseModelTests.swift */ = {isa = PBXFileReference; lastKnownFileType = sourcecode.swift; path = OrderResponseModelTests.swift; sourceTree = "<group>"; };
		98F0302027C1493500AA1651 /* JSONLoader.swift */ = {isa = PBXFileReference; lastKnownFileType = sourcecode.swift; path = JSONLoader.swift; sourceTree = "<group>"; };
		98F0302427C14DB500AA1651 /* OrdersDataProviderTests.swift */ = {isa = PBXFileReference; lastKnownFileType = sourcecode.swift; path = OrdersDataProviderTests.swift; sourceTree = "<group>"; };
		98F0302627C14E5000AA1651 /* OrdersError+Equatable.swift */ = {isa = PBXFileReference; lastKnownFileType = sourcecode.swift; path = "OrdersError+Equatable.swift"; sourceTree = "<group>"; };
		98F0302827C1518200AA1651 /* RootView.swift */ = {isa = PBXFileReference; lastKnownFileType = sourcecode.swift; path = RootView.swift; sourceTree = "<group>"; };
		98F0302A27C1519400AA1651 /* OrdersListView.swift */ = {isa = PBXFileReference; lastKnownFileType = sourcecode.swift; path = OrdersListView.swift; sourceTree = "<group>"; };
		98F0302C27C1522700AA1651 /* DownloadTransactionsView.swift */ = {isa = PBXFileReference; lastKnownFileType = sourcecode.swift; path = DownloadTransactionsView.swift; sourceTree = "<group>"; };
		98F0302E27C152A700AA1651 /* OrdersListViewModel.swift */ = {isa = PBXFileReference; lastKnownFileType = sourcecode.swift; path = OrdersListViewModel.swift; sourceTree = "<group>"; };
		98F0303127C1632F00AA1651 /* ThemeManager.swift */ = {isa = PBXFileReference; lastKnownFileType = sourcecode.swift; path = ThemeManager.swift; sourceTree = "<group>"; };
		98F0303327C1636E00AA1651 /* Color+Theming.swift */ = {isa = PBXFileReference; lastKnownFileType = sourcecode.swift; path = "Color+Theming.swift"; sourceTree = "<group>"; };
		98F0303527C1638400AA1651 /* View+Theming.swift */ = {isa = PBXFileReference; lastKnownFileType = sourcecode.swift; path = "View+Theming.swift"; sourceTree = "<group>"; };
		98F0303A27C169AD00AA1651 /* IBMPlexSans-Thin.ttf */ = {isa = PBXFileReference; lastKnownFileType = file; path = "IBMPlexSans-Thin.ttf"; sourceTree = "<group>"; };
		98F0303B27C169AD00AA1651 /* OFL.txt */ = {isa = PBXFileReference; fileEncoding = 4; lastKnownFileType = text; path = OFL.txt; sourceTree = "<group>"; };
		98F0303C27C169AD00AA1651 /* IBMPlexSans-ThinItalic.ttf */ = {isa = PBXFileReference; lastKnownFileType = file; path = "IBMPlexSans-ThinItalic.ttf"; sourceTree = "<group>"; };
		98F0303D27C169AD00AA1651 /* IBMPlexSans-LightItalic.ttf */ = {isa = PBXFileReference; lastKnownFileType = file; path = "IBMPlexSans-LightItalic.ttf"; sourceTree = "<group>"; };
		98F0303E27C169AD00AA1651 /* IBMPlexSans-ExtraLightItalic.ttf */ = {isa = PBXFileReference; lastKnownFileType = file; path = "IBMPlexSans-ExtraLightItalic.ttf"; sourceTree = "<group>"; };
		98F0303F27C169AD00AA1651 /* IBMPlexSans-MediumItalic.ttf */ = {isa = PBXFileReference; lastKnownFileType = file; path = "IBMPlexSans-MediumItalic.ttf"; sourceTree = "<group>"; };
		98F0304027C169AD00AA1651 /* IBMPlexSans-Regular.ttf */ = {isa = PBXFileReference; lastKnownFileType = file; path = "IBMPlexSans-Regular.ttf"; sourceTree = "<group>"; };
		98F0304127C169AD00AA1651 /* IBMPlexSans-Medium.ttf */ = {isa = PBXFileReference; lastKnownFileType = file; path = "IBMPlexSans-Medium.ttf"; sourceTree = "<group>"; };
		98F0304227C169AD00AA1651 /* IBMPlexSans-Italic.ttf */ = {isa = PBXFileReference; lastKnownFileType = file; path = "IBMPlexSans-Italic.ttf"; sourceTree = "<group>"; };
		98F0304327C169AD00AA1651 /* IBMPlexSans-SemiBoldItalic.ttf */ = {isa = PBXFileReference; lastKnownFileType = file; path = "IBMPlexSans-SemiBoldItalic.ttf"; sourceTree = "<group>"; };
		98F0304427C169AD00AA1651 /* IBMPlexSans-SemiBold.ttf */ = {isa = PBXFileReference; lastKnownFileType = file; path = "IBMPlexSans-SemiBold.ttf"; sourceTree = "<group>"; };
		98F0304527C169AD00AA1651 /* IBMPlexSans-ExtraLight.ttf */ = {isa = PBXFileReference; lastKnownFileType = file; path = "IBMPlexSans-ExtraLight.ttf"; sourceTree = "<group>"; };
		98F0304627C169AD00AA1651 /* IBMPlexSans-BoldItalic.ttf */ = {isa = PBXFileReference; lastKnownFileType = file; path = "IBMPlexSans-BoldItalic.ttf"; sourceTree = "<group>"; };
		98F0304727C169AD00AA1651 /* IBMPlexSans-Bold.ttf */ = {isa = PBXFileReference; lastKnownFileType = file; path = "IBMPlexSans-Bold.ttf"; sourceTree = "<group>"; };
		98F0304827C169AD00AA1651 /* IBMPlexSans-Light.ttf */ = {isa = PBXFileReference; lastKnownFileType = file; path = "IBMPlexSans-Light.ttf"; sourceTree = "<group>"; };
		98F0305827C16B4500AA1651 /* Font+Theming.swift */ = {isa = PBXFileReference; lastKnownFileType = sourcecode.swift; path = "Font+Theming.swift"; sourceTree = "<group>"; };
/* End PBXFileReference section */

/* Begin PBXFrameworksBuildPhase section */
		6375C05627BEC2D8008D0DC8 /* Frameworks */ = {
			isa = PBXFrameworksBuildPhase;
			buildActionMask = 2147483647;
			files = (
			);
			runOnlyForDeploymentPostprocessing = 0;
		};
		6375C06B27BEC2DC008D0DC8 /* Frameworks */ = {
			isa = PBXFrameworksBuildPhase;
			buildActionMask = 2147483647;
			files = (
			);
			runOnlyForDeploymentPostprocessing = 0;
		};
		6375C07527BEC2DC008D0DC8 /* Frameworks */ = {
			isa = PBXFrameworksBuildPhase;
			buildActionMask = 2147483647;
			files = (
			);
			runOnlyForDeploymentPostprocessing = 0;
		};
/* End PBXFrameworksBuildPhase section */

/* Begin PBXGroup section */
		6375C05027BEC2D8008D0DC8 = {
			isa = PBXGroup;
			children = (
				6375C05B27BEC2D8008D0DC8 /* CopperChallenge */,
				6375C07127BEC2DC008D0DC8 /* CopperChallengeTests */,
				6375C07B27BEC2DC008D0DC8 /* CopperChallengeUITests */,
				6375C05A27BEC2D8008D0DC8 /* Products */,
			);
			sourceTree = "<group>";
		};
		6375C05A27BEC2D8008D0DC8 /* Products */ = {
			isa = PBXGroup;
			children = (
				6375C05927BEC2D8008D0DC8 /* CopperChallenge.app */,
				6375C06E27BEC2DC008D0DC8 /* CopperChallengeTests.xctest */,
				6375C07827BEC2DC008D0DC8 /* CopperChallengeUITests.xctest */,
			);
			name = Products;
			sourceTree = "<group>";
		};
		6375C05B27BEC2D8008D0DC8 /* CopperChallenge */ = {
			isa = PBXGroup;
			children = (
				98F0302227C14D6E00AA1651 /* Business Logic */,
				98F02FFA27C13BC200AA1651 /* Copper API */,
				98F0300227C13E1400AA1651 /* Networking */,
				98F0303727C1697200AA1651 /* Resources */,
				98F0302327C14D7800AA1651 /* UI */,
				6375C05C27BEC2D8008D0DC8 /* CopperChallengeApp.swift */,
				6375C05E27BEC2D8008D0DC8 /* ContentView.swift */,
				6375C06027BEC2DC008D0DC8 /* Assets.xcassets */,
				6375C06527BEC2DC008D0DC8 /* Persistence.swift */,
				6375C06727BEC2DC008D0DC8 /* CopperChallenge.xcdatamodeld */,
				6375C06227BEC2DC008D0DC8 /* Preview Content */,
				98F02FF527C13ABD00AA1651 /* README.md */,
			);
			path = CopperChallenge;
			sourceTree = "<group>";
		};
		6375C06227BEC2DC008D0DC8 /* Preview Content */ = {
			isa = PBXGroup;
			children = (
				6375C06327BEC2DC008D0DC8 /* Preview Assets.xcassets */,
			);
			path = "Preview Content";
			sourceTree = "<group>";
		};
		6375C07127BEC2DC008D0DC8 /* CopperChallengeTests */ = {
			isa = PBXGroup;
			children = (
				98F0301D27C146F200AA1651 /* Copper API */,
				98F0300A27C13EC100AA1651 /* Helpers */,
				98F0301C27C143DF00AA1651 /* JSON */,
				98F0300B27C13EC800AA1651 /* Mocks */,
				98F0300927C13EB100AA1651 /* Networking */,
			);
			path = CopperChallengeTests;
			sourceTree = "<group>";
		};
		6375C07B27BEC2DC008D0DC8 /* CopperChallengeUITests */ = {
			isa = PBXGroup;
			children = (
				6375C07C27BEC2DC008D0DC8 /* CopperChallengeUITests.swift */,
				6375C07E27BEC2DC008D0DC8 /* CopperChallengeUITestsLaunchTests.swift */,
			);
			path = CopperChallengeUITests;
			sourceTree = "<group>";
		};
		98F02FFA27C13BC200AA1651 /* Copper API */ = {
			isa = PBXGroup;
			children = (
				98F02FFD27C13C1200AA1651 /* CopperEndpoint.swift */,
				98F02FFB27C13BD700AA1651 /* OrdersDataProvider.swift */,
				98F02FFF27C13C9600AA1651 /* OrdersError.swift */,
				98F0301627C1406F00AA1651 /* OrderResponseModel.swift */,
				98F0301827C1419200AA1651 /* OrdersResponseModel.swift */,
			);
			path = "Copper API";
			sourceTree = "<group>";
		};
		98F0300227C13E1400AA1651 /* Networking */ = {
			isa = PBXGroup;
			children = (
				98F0300327C13E3900AA1651 /* Network.swift */,
				98F0300527C13E8200AA1651 /* NetworkingError.swift */,
			);
			path = Networking;
			sourceTree = "<group>";
		};
		98F0300927C13EB100AA1651 /* Networking */ = {
			isa = PBXGroup;
			children = (
				98F0300727C13E9A00AA1651 /* NetworkTests.swift */,
			);
			path = Networking;
			sourceTree = "<group>";
		};
		98F0300A27C13EC100AA1651 /* Helpers */ = {
			isa = PBXGroup;
			children = (
				98F0300C27C13EF300AA1651 /* CombineXCTestCase.swift */,
				98F0302027C1493500AA1651 /* JSONLoader.swift */,
				98F0301427C13FB500AA1651 /* NetworkingError+Equatable.swift */,
				98F0302627C14E5000AA1651 /* OrdersError+Equatable.swift */,
			);
			path = Helpers;
			sourceTree = "<group>";
		};
		98F0300B27C13EC800AA1651 /* Mocks */ = {
			isa = PBXGroup;
			children = (
				98F0301027C13F1900AA1651 /* NetworkMock.swift */,
				98F0300E27C13F1900AA1651 /* URLProtocolMock.swift */,
				98F0300F27C13F1900AA1651 /* URLSessionMock.swift */,
			);
			path = Mocks;
			sourceTree = "<group>";
		};
		98F0301C27C143DF00AA1651 /* JSON */ = {
			isa = PBXGroup;
			children = (
				98F0301A27C143D900AA1651 /* Orders.json */,
			);
			path = JSON;
			sourceTree = "<group>";
		};
		98F0301D27C146F200AA1651 /* Copper API */ = {
			isa = PBXGroup;
			children = (
				98F0302427C14DB500AA1651 /* OrdersDataProviderTests.swift */,
				98F0301E27C1470D00AA1651 /* OrderResponseModelTests.swift */,
			);
			path = "Copper API";
			sourceTree = "<group>";
		};
		98F0302227C14D6E00AA1651 /* Business Logic */ = {
			isa = PBXGroup;
			children = (
				98F0302E27C152A700AA1651 /* OrdersListViewModel.swift */,
			);
			path = "Business Logic";
			sourceTree = "<group>";
		};
		98F0302327C14D7800AA1651 /* UI */ = {
			isa = PBXGroup;
			children = (
				98F0303027C1632400AA1651 /* Theming */,
				98F0302C27C1522700AA1651 /* DownloadTransactionsView.swift */,
				98F0302A27C1519400AA1651 /* OrdersListView.swift */,
				98F0302827C1518200AA1651 /* RootView.swift */,
			);
			path = UI;
			sourceTree = "<group>";
		};
		98F0303027C1632400AA1651 /* Theming */ = {
			isa = PBXGroup;
			children = (
				98F0303327C1636E00AA1651 /* Color+Theming.swift */,
				98F0305827C16B4500AA1651 /* Font+Theming.swift */,
				98F0303127C1632F00AA1651 /* ThemeManager.swift */,
				98F0303527C1638400AA1651 /* View+Theming.swift */,
			);
			path = Theming;
			sourceTree = "<group>";
		};
		98F0303727C1697200AA1651 /* Resources */ = {
			isa = PBXGroup;
			children = (
				98F0303827C1698000AA1651 /* Fonts */,
			);
			path = Resources;
			sourceTree = "<group>";
		};
		98F0303827C1698000AA1651 /* Fonts */ = {
			isa = PBXGroup;
			children = (
				98F0303927C1698700AA1651 /* IBM Plex Sans */,
			);
			path = Fonts;
			sourceTree = "<group>";
		};
		98F0303927C1698700AA1651 /* IBM Plex Sans */ = {
			isa = PBXGroup;
			children = (
				98F0304727C169AD00AA1651 /* IBMPlexSans-Bold.ttf */,
				98F0304627C169AD00AA1651 /* IBMPlexSans-BoldItalic.ttf */,
				98F0304527C169AD00AA1651 /* IBMPlexSans-ExtraLight.ttf */,
				98F0303E27C169AD00AA1651 /* IBMPlexSans-ExtraLightItalic.ttf */,
				98F0304227C169AD00AA1651 /* IBMPlexSans-Italic.ttf */,
				98F0304827C169AD00AA1651 /* IBMPlexSans-Light.ttf */,
				98F0303D27C169AD00AA1651 /* IBMPlexSans-LightItalic.ttf */,
				98F0304127C169AD00AA1651 /* IBMPlexSans-Medium.ttf */,
				98F0303F27C169AD00AA1651 /* IBMPlexSans-MediumItalic.ttf */,
				98F0304027C169AD00AA1651 /* IBMPlexSans-Regular.ttf */,
				98F0304427C169AD00AA1651 /* IBMPlexSans-SemiBold.ttf */,
				98F0304327C169AD00AA1651 /* IBMPlexSans-SemiBoldItalic.ttf */,
				98F0303A27C169AD00AA1651 /* IBMPlexSans-Thin.ttf */,
				98F0303C27C169AD00AA1651 /* IBMPlexSans-ThinItalic.ttf */,
				98F0303B27C169AD00AA1651 /* OFL.txt */,
			);
			path = "IBM Plex Sans";
			sourceTree = "<group>";
		};
/* End PBXGroup section */

/* Begin PBXNativeTarget section */
		6375C05827BEC2D8008D0DC8 /* CopperChallenge */ = {
			isa = PBXNativeTarget;
			buildConfigurationList = 6375C08227BEC2DC008D0DC8 /* Build configuration list for PBXNativeTarget "CopperChallenge" */;
			buildPhases = (
				6375C05527BEC2D8008D0DC8 /* Sources */,
				6375C05627BEC2D8008D0DC8 /* Frameworks */,
				6375C05727BEC2D8008D0DC8 /* Resources */,
			);
			buildRules = (
			);
			dependencies = (
			);
			name = CopperChallenge;
			productName = CopperChallenge;
			productReference = 6375C05927BEC2D8008D0DC8 /* CopperChallenge.app */;
			productType = "com.apple.product-type.application";
		};
		6375C06D27BEC2DC008D0DC8 /* CopperChallengeTests */ = {
			isa = PBXNativeTarget;
			buildConfigurationList = 6375C08527BEC2DC008D0DC8 /* Build configuration list for PBXNativeTarget "CopperChallengeTests" */;
			buildPhases = (
				6375C06A27BEC2DC008D0DC8 /* Sources */,
				6375C06B27BEC2DC008D0DC8 /* Frameworks */,
				6375C06C27BEC2DC008D0DC8 /* Resources */,
			);
			buildRules = (
			);
			dependencies = (
				6375C07027BEC2DC008D0DC8 /* PBXTargetDependency */,
			);
			name = CopperChallengeTests;
			productName = CopperChallengeTests;
			productReference = 6375C06E27BEC2DC008D0DC8 /* CopperChallengeTests.xctest */;
			productType = "com.apple.product-type.bundle.unit-test";
		};
		6375C07727BEC2DC008D0DC8 /* CopperChallengeUITests */ = {
			isa = PBXNativeTarget;
			buildConfigurationList = 6375C08827BEC2DC008D0DC8 /* Build configuration list for PBXNativeTarget "CopperChallengeUITests" */;
			buildPhases = (
				6375C07427BEC2DC008D0DC8 /* Sources */,
				6375C07527BEC2DC008D0DC8 /* Frameworks */,
				6375C07627BEC2DC008D0DC8 /* Resources */,
			);
			buildRules = (
			);
			dependencies = (
				6375C07A27BEC2DC008D0DC8 /* PBXTargetDependency */,
			);
			name = CopperChallengeUITests;
			productName = CopperChallengeUITests;
			productReference = 6375C07827BEC2DC008D0DC8 /* CopperChallengeUITests.xctest */;
			productType = "com.apple.product-type.bundle.ui-testing";
		};
/* End PBXNativeTarget section */

/* Begin PBXProject section */
		6375C05127BEC2D8008D0DC8 /* Project object */ = {
			isa = PBXProject;
			attributes = {
				BuildIndependentTargetsInParallel = 1;
				LastSwiftUpdateCheck = 1320;
				LastUpgradeCheck = 1320;
				TargetAttributes = {
					6375C05827BEC2D8008D0DC8 = {
						CreatedOnToolsVersion = 13.2.1;
					};
					6375C06D27BEC2DC008D0DC8 = {
						CreatedOnToolsVersion = 13.2.1;
						TestTargetID = 6375C05827BEC2D8008D0DC8;
					};
					6375C07727BEC2DC008D0DC8 = {
						CreatedOnToolsVersion = 13.2.1;
						TestTargetID = 6375C05827BEC2D8008D0DC8;
					};
				};
			};
			buildConfigurationList = 6375C05427BEC2D8008D0DC8 /* Build configuration list for PBXProject "CopperChallenge" */;
			compatibilityVersion = "Xcode 13.0";
			developmentRegion = en;
			hasScannedForEncodings = 0;
			knownRegions = (
				en,
				Base,
			);
			mainGroup = 6375C05027BEC2D8008D0DC8;
			productRefGroup = 6375C05A27BEC2D8008D0DC8 /* Products */;
			projectDirPath = "";
			projectRoot = "";
			targets = (
				6375C05827BEC2D8008D0DC8 /* CopperChallenge */,
				6375C06D27BEC2DC008D0DC8 /* CopperChallengeTests */,
				6375C07727BEC2DC008D0DC8 /* CopperChallengeUITests */,
			);
		};
/* End PBXProject section */

/* Begin PBXResourcesBuildPhase section */
		6375C05727BEC2D8008D0DC8 /* Resources */ = {
			isa = PBXResourcesBuildPhase;
			buildActionMask = 2147483647;
			files = (
				6375C06427BEC2DC008D0DC8 /* Preview Assets.xcassets in Resources */,
				98F0305127C169AE00AA1651 /* IBMPlexSans-Italic.ttf in Resources */,
				98F0305227C169AE00AA1651 /* IBMPlexSans-SemiBoldItalic.ttf in Resources */,
				98F0304927C169AD00AA1651 /* IBMPlexSans-Thin.ttf in Resources */,
				98F0305627C169AE00AA1651 /* IBMPlexSans-Bold.ttf in Resources */,
				98F0305727C169AE00AA1651 /* IBMPlexSans-Light.ttf in Resources */,
				98F0304E27C169AD00AA1651 /* IBMPlexSans-MediumItalic.ttf in Resources */,
				98F0304C27C169AD00AA1651 /* IBMPlexSans-LightItalic.ttf in Resources */,
				98F0305027C169AD00AA1651 /* IBMPlexSans-Medium.ttf in Resources */,
				98F0304F27C169AD00AA1651 /* IBMPlexSans-Regular.ttf in Resources */,
				98F0304D27C169AD00AA1651 /* IBMPlexSans-ExtraLightItalic.ttf in Resources */,
				98F0304A27C169AD00AA1651 /* OFL.txt in Resources */,
				98F0304B27C169AD00AA1651 /* IBMPlexSans-ThinItalic.ttf in Resources */,
				98F0305427C169AE00AA1651 /* IBMPlexSans-ExtraLight.ttf in Resources */,
				98F0305527C169AE00AA1651 /* IBMPlexSans-BoldItalic.ttf in Resources */,
				6375C06127BEC2DC008D0DC8 /* Assets.xcassets in Resources */,
				98F0305327C169AE00AA1651 /* IBMPlexSans-SemiBold.ttf in Resources */,
			);
			runOnlyForDeploymentPostprocessing = 0;
		};
		6375C06C27BEC2DC008D0DC8 /* Resources */ = {
			isa = PBXResourcesBuildPhase;
			buildActionMask = 2147483647;
			files = (
				98F0301B27C143D900AA1651 /* Orders.json in Resources */,
			);
			runOnlyForDeploymentPostprocessing = 0;
		};
		6375C07627BEC2DC008D0DC8 /* Resources */ = {
			isa = PBXResourcesBuildPhase;
			buildActionMask = 2147483647;
			files = (
			);
			runOnlyForDeploymentPostprocessing = 0;
		};
/* End PBXResourcesBuildPhase section */

/* Begin PBXSourcesBuildPhase section */
		6375C05527BEC2D8008D0DC8 /* Sources */ = {
			isa = PBXSourcesBuildPhase;
			buildActionMask = 2147483647;
			files = (
				98F0302F27C152A700AA1651 /* OrdersListViewModel.swift in Sources */,
				98F0300027C13C9600AA1651 /* OrdersError.swift in Sources */,
				6375C06927BEC2DC008D0DC8 /* CopperChallenge.xcdatamodeld in Sources */,
				98F0300427C13E3900AA1651 /* Network.swift in Sources */,
				98F0302B27C1519400AA1651 /* OrdersListView.swift in Sources */,
				98F0301927C1419200AA1651 /* OrdersResponseModel.swift in Sources */,
				98F0302D27C1522700AA1651 /* DownloadTransactionsView.swift in Sources */,
				98F0303427C1636E00AA1651 /* Color+Theming.swift in Sources */,
				98F02FFC27C13BD700AA1651 /* OrdersDataProvider.swift in Sources */,
				98F0300627C13E8200AA1651 /* NetworkingError.swift in Sources */,
				6375C06627BEC2DC008D0DC8 /* Persistence.swift in Sources */,
				98F02FFE27C13C1200AA1651 /* CopperEndpoint.swift in Sources */,
				98F0303227C1632F00AA1651 /* ThemeManager.swift in Sources */,
				98F0302927C1518200AA1651 /* RootView.swift in Sources */,
				98F0301727C1406F00AA1651 /* OrderResponseModel.swift in Sources */,
				98F0303627C1638400AA1651 /* View+Theming.swift in Sources */,
				98F0305927C16B4500AA1651 /* Font+Theming.swift in Sources */,
				6375C05F27BEC2D8008D0DC8 /* ContentView.swift in Sources */,
				6375C05D27BEC2D8008D0DC8 /* CopperChallengeApp.swift in Sources */,
			);
			runOnlyForDeploymentPostprocessing = 0;
		};
		6375C06A27BEC2DC008D0DC8 /* Sources */ = {
			isa = PBXSourcesBuildPhase;
			buildActionMask = 2147483647;
			files = (
				98F0302727C14E5000AA1651 /* OrdersError+Equatable.swift in Sources */,
				98F0301227C13F1900AA1651 /* URLSessionMock.swift in Sources */,
				98F0302527C14DB500AA1651 /* OrdersDataProviderTests.swift in Sources */,
				98F0301527C13FB500AA1651 /* NetworkingError+Equatable.swift in Sources */,
				98F0300D27C13EF300AA1651 /* CombineXCTestCase.swift in Sources */,
				98F0301327C13F1900AA1651 /* NetworkMock.swift in Sources */,
				98F0302127C1493500AA1651 /* JSONLoader.swift in Sources */,
				98F0300827C13E9A00AA1651 /* NetworkTests.swift in Sources */,
				98F0301F27C1470D00AA1651 /* OrderResponseModelTests.swift in Sources */,
				98F0301127C13F1900AA1651 /* URLProtocolMock.swift in Sources */,
			);
			runOnlyForDeploymentPostprocessing = 0;
		};
		6375C07427BEC2DC008D0DC8 /* Sources */ = {
			isa = PBXSourcesBuildPhase;
			buildActionMask = 2147483647;
			files = (
				6375C07D27BEC2DC008D0DC8 /* CopperChallengeUITests.swift in Sources */,
				6375C07F27BEC2DC008D0DC8 /* CopperChallengeUITestsLaunchTests.swift in Sources */,
			);
			runOnlyForDeploymentPostprocessing = 0;
		};
/* End PBXSourcesBuildPhase section */

/* Begin PBXTargetDependency section */
		6375C07027BEC2DC008D0DC8 /* PBXTargetDependency */ = {
			isa = PBXTargetDependency;
			target = 6375C05827BEC2D8008D0DC8 /* CopperChallenge */;
			targetProxy = 6375C06F27BEC2DC008D0DC8 /* PBXContainerItemProxy */;
		};
		6375C07A27BEC2DC008D0DC8 /* PBXTargetDependency */ = {
			isa = PBXTargetDependency;
			target = 6375C05827BEC2D8008D0DC8 /* CopperChallenge */;
			targetProxy = 6375C07927BEC2DC008D0DC8 /* PBXContainerItemProxy */;
		};
/* End PBXTargetDependency section */

/* Begin XCBuildConfiguration section */
		6375C08027BEC2DC008D0DC8 /* Debug */ = {
			isa = XCBuildConfiguration;
			buildSettings = {
				ALWAYS_SEARCH_USER_PATHS = NO;
				CLANG_ANALYZER_NONNULL = YES;
				CLANG_ANALYZER_NUMBER_OBJECT_CONVERSION = YES_AGGRESSIVE;
				CLANG_CXX_LANGUAGE_STANDARD = "gnu++17";
				CLANG_CXX_LIBRARY = "libc++";
				CLANG_ENABLE_MODULES = YES;
				CLANG_ENABLE_OBJC_ARC = YES;
				CLANG_ENABLE_OBJC_WEAK = YES;
				CLANG_WARN_BLOCK_CAPTURE_AUTORELEASING = YES;
				CLANG_WARN_BOOL_CONVERSION = YES;
				CLANG_WARN_COMMA = YES;
				CLANG_WARN_CONSTANT_CONVERSION = YES;
				CLANG_WARN_DEPRECATED_OBJC_IMPLEMENTATIONS = YES;
				CLANG_WARN_DIRECT_OBJC_ISA_USAGE = YES_ERROR;
				CLANG_WARN_DOCUMENTATION_COMMENTS = YES;
				CLANG_WARN_EMPTY_BODY = YES;
				CLANG_WARN_ENUM_CONVERSION = YES;
				CLANG_WARN_INFINITE_RECURSION = YES;
				CLANG_WARN_INT_CONVERSION = YES;
				CLANG_WARN_NON_LITERAL_NULL_CONVERSION = YES;
				CLANG_WARN_OBJC_IMPLICIT_RETAIN_SELF = YES;
				CLANG_WARN_OBJC_LITERAL_CONVERSION = YES;
				CLANG_WARN_OBJC_ROOT_CLASS = YES_ERROR;
				CLANG_WARN_QUOTED_INCLUDE_IN_FRAMEWORK_HEADER = YES;
				CLANG_WARN_RANGE_LOOP_ANALYSIS = YES;
				CLANG_WARN_STRICT_PROTOTYPES = YES;
				CLANG_WARN_SUSPICIOUS_MOVE = YES;
				CLANG_WARN_UNGUARDED_AVAILABILITY = YES_AGGRESSIVE;
				CLANG_WARN_UNREACHABLE_CODE = YES;
				CLANG_WARN__DUPLICATE_METHOD_MATCH = YES;
				COPY_PHASE_STRIP = NO;
				DEBUG_INFORMATION_FORMAT = dwarf;
				ENABLE_STRICT_OBJC_MSGSEND = YES;
				ENABLE_TESTABILITY = YES;
				GCC_C_LANGUAGE_STANDARD = gnu11;
				GCC_DYNAMIC_NO_PIC = NO;
				GCC_NO_COMMON_BLOCKS = YES;
				GCC_OPTIMIZATION_LEVEL = 0;
				GCC_PREPROCESSOR_DEFINITIONS = (
					"DEBUG=1",
					"$(inherited)",
				);
				GCC_WARN_64_TO_32_BIT_CONVERSION = YES;
				GCC_WARN_ABOUT_RETURN_TYPE = YES_ERROR;
				GCC_WARN_UNDECLARED_SELECTOR = YES;
				GCC_WARN_UNINITIALIZED_AUTOS = YES_AGGRESSIVE;
				GCC_WARN_UNUSED_FUNCTION = YES;
				GCC_WARN_UNUSED_VARIABLE = YES;
				IPHONEOS_DEPLOYMENT_TARGET = 15.2;
				MTL_ENABLE_DEBUG_INFO = INCLUDE_SOURCE;
				MTL_FAST_MATH = YES;
				ONLY_ACTIVE_ARCH = YES;
				SDKROOT = iphoneos;
				SWIFT_ACTIVE_COMPILATION_CONDITIONS = DEBUG;
				SWIFT_OPTIMIZATION_LEVEL = "-Onone";
			};
			name = Debug;
		};
		6375C08127BEC2DC008D0DC8 /* Release */ = {
			isa = XCBuildConfiguration;
			buildSettings = {
				ALWAYS_SEARCH_USER_PATHS = NO;
				CLANG_ANALYZER_NONNULL = YES;
				CLANG_ANALYZER_NUMBER_OBJECT_CONVERSION = YES_AGGRESSIVE;
				CLANG_CXX_LANGUAGE_STANDARD = "gnu++17";
				CLANG_CXX_LIBRARY = "libc++";
				CLANG_ENABLE_MODULES = YES;
				CLANG_ENABLE_OBJC_ARC = YES;
				CLANG_ENABLE_OBJC_WEAK = YES;
				CLANG_WARN_BLOCK_CAPTURE_AUTORELEASING = YES;
				CLANG_WARN_BOOL_CONVERSION = YES;
				CLANG_WARN_COMMA = YES;
				CLANG_WARN_CONSTANT_CONVERSION = YES;
				CLANG_WARN_DEPRECATED_OBJC_IMPLEMENTATIONS = YES;
				CLANG_WARN_DIRECT_OBJC_ISA_USAGE = YES_ERROR;
				CLANG_WARN_DOCUMENTATION_COMMENTS = YES;
				CLANG_WARN_EMPTY_BODY = YES;
				CLANG_WARN_ENUM_CONVERSION = YES;
				CLANG_WARN_INFINITE_RECURSION = YES;
				CLANG_WARN_INT_CONVERSION = YES;
				CLANG_WARN_NON_LITERAL_NULL_CONVERSION = YES;
				CLANG_WARN_OBJC_IMPLICIT_RETAIN_SELF = YES;
				CLANG_WARN_OBJC_LITERAL_CONVERSION = YES;
				CLANG_WARN_OBJC_ROOT_CLASS = YES_ERROR;
				CLANG_WARN_QUOTED_INCLUDE_IN_FRAMEWORK_HEADER = YES;
				CLANG_WARN_RANGE_LOOP_ANALYSIS = YES;
				CLANG_WARN_STRICT_PROTOTYPES = YES;
				CLANG_WARN_SUSPICIOUS_MOVE = YES;
				CLANG_WARN_UNGUARDED_AVAILABILITY = YES_AGGRESSIVE;
				CLANG_WARN_UNREACHABLE_CODE = YES;
				CLANG_WARN__DUPLICATE_METHOD_MATCH = YES;
				COPY_PHASE_STRIP = NO;
				DEBUG_INFORMATION_FORMAT = "dwarf-with-dsym";
				ENABLE_NS_ASSERTIONS = NO;
				ENABLE_STRICT_OBJC_MSGSEND = YES;
				GCC_C_LANGUAGE_STANDARD = gnu11;
				GCC_NO_COMMON_BLOCKS = YES;
				GCC_WARN_64_TO_32_BIT_CONVERSION = YES;
				GCC_WARN_ABOUT_RETURN_TYPE = YES_ERROR;
				GCC_WARN_UNDECLARED_SELECTOR = YES;
				GCC_WARN_UNINITIALIZED_AUTOS = YES_AGGRESSIVE;
				GCC_WARN_UNUSED_FUNCTION = YES;
				GCC_WARN_UNUSED_VARIABLE = YES;
				IPHONEOS_DEPLOYMENT_TARGET = 15.2;
				MTL_ENABLE_DEBUG_INFO = NO;
				MTL_FAST_MATH = YES;
				SDKROOT = iphoneos;
				SWIFT_COMPILATION_MODE = wholemodule;
				SWIFT_OPTIMIZATION_LEVEL = "-O";
				VALIDATE_PRODUCT = YES;
			};
			name = Release;
		};
		6375C08327BEC2DC008D0DC8 /* Debug */ = {
			isa = XCBuildConfiguration;
			buildSettings = {
				ASSETCATALOG_COMPILER_APPICON_NAME = AppIcon;
				ASSETCATALOG_COMPILER_GLOBAL_ACCENT_COLOR_NAME = AccentColor;
				CODE_SIGN_STYLE = Automatic;
				CURRENT_PROJECT_VERSION = 1;
				DEVELOPMENT_ASSET_PATHS = "\"CopperChallenge/Preview Content\"";
				DEVELOPMENT_TEAM = HTKJ5L46U5;
				ENABLE_PREVIEWS = YES;
				GENERATE_INFOPLIST_FILE = YES;
				INFOPLIST_KEY_UIApplicationSceneManifest_Generation = YES;
				INFOPLIST_KEY_UIApplicationSupportsIndirectInputEvents = YES;
				INFOPLIST_KEY_UILaunchScreen_Generation = YES;
				INFOPLIST_KEY_UISupportedInterfaceOrientations_iPad = "UIInterfaceOrientationPortrait UIInterfaceOrientationPortraitUpsideDown UIInterfaceOrientationLandscapeLeft UIInterfaceOrientationLandscapeRight";
				INFOPLIST_KEY_UISupportedInterfaceOrientations_iPhone = "UIInterfaceOrientationPortrait UIInterfaceOrientationLandscapeLeft UIInterfaceOrientationLandscapeRight";
				LD_RUNPATH_SEARCH_PATHS = (
					"$(inherited)",
					"@executable_path/Frameworks",
				);
				MARKETING_VERSION = 1.0;
				PRODUCT_BUNDLE_IDENTIFIER = DavidPasztor.CopperChallenge;
				PRODUCT_NAME = "$(TARGET_NAME)";
				SWIFT_EMIT_LOC_STRINGS = YES;
				SWIFT_VERSION = 5.0;
				TARGETED_DEVICE_FAMILY = "1,2";
			};
			name = Debug;
		};
		6375C08427BEC2DC008D0DC8 /* Release */ = {
			isa = XCBuildConfiguration;
			buildSettings = {
				ASSETCATALOG_COMPILER_APPICON_NAME = AppIcon;
				ASSETCATALOG_COMPILER_GLOBAL_ACCENT_COLOR_NAME = AccentColor;
				CODE_SIGN_STYLE = Automatic;
				CURRENT_PROJECT_VERSION = 1;
				DEVELOPMENT_ASSET_PATHS = "\"CopperChallenge/Preview Content\"";
				DEVELOPMENT_TEAM = HTKJ5L46U5;
				ENABLE_PREVIEWS = YES;
				GENERATE_INFOPLIST_FILE = YES;
				INFOPLIST_KEY_UIApplicationSceneManifest_Generation = YES;
				INFOPLIST_KEY_UIApplicationSupportsIndirectInputEvents = YES;
				INFOPLIST_KEY_UILaunchScreen_Generation = YES;
				INFOPLIST_KEY_UISupportedInterfaceOrientations_iPad = "UIInterfaceOrientationPortrait UIInterfaceOrientationPortraitUpsideDown UIInterfaceOrientationLandscapeLeft UIInterfaceOrientationLandscapeRight";
				INFOPLIST_KEY_UISupportedInterfaceOrientations_iPhone = "UIInterfaceOrientationPortrait UIInterfaceOrientationLandscapeLeft UIInterfaceOrientationLandscapeRight";
				LD_RUNPATH_SEARCH_PATHS = (
					"$(inherited)",
					"@executable_path/Frameworks",
				);
				MARKETING_VERSION = 1.0;
				PRODUCT_BUNDLE_IDENTIFIER = DavidPasztor.CopperChallenge;
				PRODUCT_NAME = "$(TARGET_NAME)";
				SWIFT_EMIT_LOC_STRINGS = YES;
				SWIFT_VERSION = 5.0;
				TARGETED_DEVICE_FAMILY = "1,2";
			};
			name = Release;
		};
		6375C08627BEC2DC008D0DC8 /* Debug */ = {
			isa = XCBuildConfiguration;
			buildSettings = {
				ALWAYS_EMBED_SWIFT_STANDARD_LIBRARIES = YES;
				BUNDLE_LOADER = "$(TEST_HOST)";
				CODE_SIGN_STYLE = Automatic;
				CURRENT_PROJECT_VERSION = 1;
				DEVELOPMENT_TEAM = HTKJ5L46U5;
				GENERATE_INFOPLIST_FILE = YES;
				IPHONEOS_DEPLOYMENT_TARGET = 15.2;
				MARKETING_VERSION = 1.0;
				PRODUCT_BUNDLE_IDENTIFIER = DavidPasztor.CopperChallengeTests;
				PRODUCT_NAME = "$(TARGET_NAME)";
				SWIFT_EMIT_LOC_STRINGS = NO;
				SWIFT_VERSION = 5.0;
				TARGETED_DEVICE_FAMILY = "1,2";
				TEST_HOST = "$(BUILT_PRODUCTS_DIR)/CopperChallenge.app/CopperChallenge";
			};
			name = Debug;
		};
		6375C08727BEC2DC008D0DC8 /* Release */ = {
			isa = XCBuildConfiguration;
			buildSettings = {
				ALWAYS_EMBED_SWIFT_STANDARD_LIBRARIES = YES;
				BUNDLE_LOADER = "$(TEST_HOST)";
				CODE_SIGN_STYLE = Automatic;
				CURRENT_PROJECT_VERSION = 1;
				DEVELOPMENT_TEAM = HTKJ5L46U5;
				GENERATE_INFOPLIST_FILE = YES;
				IPHONEOS_DEPLOYMENT_TARGET = 15.2;
				MARKETING_VERSION = 1.0;
				PRODUCT_BUNDLE_IDENTIFIER = DavidPasztor.CopperChallengeTests;
				PRODUCT_NAME = "$(TARGET_NAME)";
				SWIFT_EMIT_LOC_STRINGS = NO;
				SWIFT_VERSION = 5.0;
				TARGETED_DEVICE_FAMILY = "1,2";
				TEST_HOST = "$(BUILT_PRODUCTS_DIR)/CopperChallenge.app/CopperChallenge";
			};
			name = Release;
		};
		6375C08927BEC2DC008D0DC8 /* Debug */ = {
			isa = XCBuildConfiguration;
			buildSettings = {
				ALWAYS_EMBED_SWIFT_STANDARD_LIBRARIES = YES;
				CODE_SIGN_STYLE = Automatic;
				CURRENT_PROJECT_VERSION = 1;
				DEVELOPMENT_TEAM = HTKJ5L46U5;
				GENERATE_INFOPLIST_FILE = YES;
				MARKETING_VERSION = 1.0;
				PRODUCT_BUNDLE_IDENTIFIER = DavidPasztor.CopperChallengeUITests;
				PRODUCT_NAME = "$(TARGET_NAME)";
				SWIFT_EMIT_LOC_STRINGS = NO;
				SWIFT_VERSION = 5.0;
				TARGETED_DEVICE_FAMILY = "1,2";
				TEST_TARGET_NAME = CopperChallenge;
			};
			name = Debug;
		};
		6375C08A27BEC2DC008D0DC8 /* Release */ = {
			isa = XCBuildConfiguration;
			buildSettings = {
				ALWAYS_EMBED_SWIFT_STANDARD_LIBRARIES = YES;
				CODE_SIGN_STYLE = Automatic;
				CURRENT_PROJECT_VERSION = 1;
				DEVELOPMENT_TEAM = HTKJ5L46U5;
				GENERATE_INFOPLIST_FILE = YES;
				MARKETING_VERSION = 1.0;
				PRODUCT_BUNDLE_IDENTIFIER = DavidPasztor.CopperChallengeUITests;
				PRODUCT_NAME = "$(TARGET_NAME)";
				SWIFT_EMIT_LOC_STRINGS = NO;
				SWIFT_VERSION = 5.0;
				TARGETED_DEVICE_FAMILY = "1,2";
				TEST_TARGET_NAME = CopperChallenge;
			};
			name = Release;
		};
/* End XCBuildConfiguration section */

/* Begin XCConfigurationList section */
		6375C05427BEC2D8008D0DC8 /* Build configuration list for PBXProject "CopperChallenge" */ = {
			isa = XCConfigurationList;
			buildConfigurations = (
				6375C08027BEC2DC008D0DC8 /* Debug */,
				6375C08127BEC2DC008D0DC8 /* Release */,
			);
			defaultConfigurationIsVisible = 0;
			defaultConfigurationName = Release;
		};
		6375C08227BEC2DC008D0DC8 /* Build configuration list for PBXNativeTarget "CopperChallenge" */ = {
			isa = XCConfigurationList;
			buildConfigurations = (
				6375C08327BEC2DC008D0DC8 /* Debug */,
				6375C08427BEC2DC008D0DC8 /* Release */,
			);
			defaultConfigurationIsVisible = 0;
			defaultConfigurationName = Release;
		};
		6375C08527BEC2DC008D0DC8 /* Build configuration list for PBXNativeTarget "CopperChallengeTests" */ = {
			isa = XCConfigurationList;
			buildConfigurations = (
				6375C08627BEC2DC008D0DC8 /* Debug */,
				6375C08727BEC2DC008D0DC8 /* Release */,
			);
			defaultConfigurationIsVisible = 0;
			defaultConfigurationName = Release;
		};
		6375C08827BEC2DC008D0DC8 /* Build configuration list for PBXNativeTarget "CopperChallengeUITests" */ = {
			isa = XCConfigurationList;
			buildConfigurations = (
				6375C08927BEC2DC008D0DC8 /* Debug */,
				6375C08A27BEC2DC008D0DC8 /* Release */,
			);
			defaultConfigurationIsVisible = 0;
			defaultConfigurationName = Release;
		};
/* End XCConfigurationList section */

/* Begin XCVersionGroup section */
		6375C06727BEC2DC008D0DC8 /* CopperChallenge.xcdatamodeld */ = {
			isa = XCVersionGroup;
			children = (
				6375C06827BEC2DC008D0DC8 /* CopperChallenge.xcdatamodel */,
			);
			currentVersion = 6375C06827BEC2DC008D0DC8 /* CopperChallenge.xcdatamodel */;
			path = CopperChallenge.xcdatamodeld;
			sourceTree = "<group>";
			versionGroupType = wrapper.xcdatamodel;
		};
/* End XCVersionGroup section */
	};
	rootObject = 6375C05127BEC2D8008D0DC8 /* Project object */;
}
